{
  "pins" : [
    {
      "identity" : "chartview",
      "kind" : "remoteSourceControl",
      "location" : "https://github.com/AppPear/ChartView",
      "state" : {
        "revision" : "ebaaf81d1946d2ccbbbaf58ac6bbe92b928f9a66",
        "version" : "2.0.0-beta.7"
      }
    }
  ],
  "version" : 2
}
