// !$*UTF8*$!
{
	archiveVersion = 1;
	classes = {
	};
	objectVersion = 56;
	objects = {

/* Begin PBXBuildFile section */
		10B15EA229E5BBFA0034B006 /* MoneyBoxApp.swift in Sources */ = {isa = PBXBuildFile; fileRef = 10B15EA129E5BBFA0034B006 /* MoneyBoxApp.swift */; };
		10B15EA429E5BBFA0034B006 /* ContentView.swift in Sources */ = {isa = PBXBuildFile; fileRef = 10B15EA329E5BBFA0034B006 /* ContentView.swift */; };
		10B15EA629E5BBFB0034B006 /* Assets.xcassets in Resources */ = {isa = PBXBuildFile; fileRef = 10B15EA529E5BBFB0034B006 /* Assets.xcassets */; };
		10B15EA929E5BBFB0034B006 /* Preview Assets.xcassets in Resources */ = {isa = PBXBuildFile; fileRef = 10B15EA829E5BBFB0034B006 /* Preview Assets.xcassets */; };
		10B15EB329E5BBFB0034B006 /* MoneyBoxTests.swift in Sources */ = {isa = PBXBuildFile; fileRef = 10B15EB229E5BBFB0034B006 /* MoneyBoxTests.swift */; };
		10B15EBD29E5BBFB0034B006 /* MoneyBoxUITests.swift in Sources */ = {isa = PBXBuildFile; fileRef = 10B15EBC29E5BBFB0034B006 /* MoneyBoxUITests.swift */; };
		10B15EBF29E5BBFB0034B006 /* MoneyBoxUITestsLaunchTests.swift in Sources */ = {isa = PBXBuildFile; fileRef = 10B15EBE29E5BBFB0034B006 /* MoneyBoxUITestsLaunchTests.swift */; };
/* End PBXBuildFile section */

/* Begin PBXContainerItemProxy section */
		10B15EAF29E5BBFB0034B006 /* PBXContainerItemProxy */ = {
			isa = PBXContainerItemProxy;
			containerPortal = 10B15E9629E5BBF90034B006 /* Project object */;
			proxyType = 1;
			remoteGlobalIDString = 10B15E9D29E5BBFA0034B006;
			remoteInfo = MoneyBox;
		};
		10B15EB929E5BBFB0034B006 /* PBXContainerItemProxy */ = {
			isa = PBXContainerItemProxy;
			containerPortal = 10B15E9629E5BBF90034B006 /* Project object */;
			proxyType = 1;
			remoteGlobalIDString = 10B15E9D29E5BBFA0034B006;
			remoteInfo = MoneyBox;
		};
/* End PBXContainerItemProxy section */

/* Begin PBXFileReference section */
		10B15E9E29E5BBFA0034B006 /* MoneyBox.app */ = {isa = PBXFileReference; explicitFileType = wrapper.application; includeInIndex = 0; path = MoneyBox.app; sourceTree = BUILT_PRODUCTS_DIR; };
		10B15EA129E5BBFA0034B006 /* MoneyBoxApp.swift */ = {isa = PBXFileReference; lastKnownFileType = sourcecode.swift; path = MoneyBoxApp.swift; sourceTree = "<group>"; };
		10B15EA329E5BBFA0034B006 /* ContentView.swift */ = {isa = PBXFileReference; lastKnownFileType = sourcecode.swift; path = ContentView.swift; sourceTree = "<group>"; };
		10B15EA529E5BBFB0034B006 /* Assets.xcassets */ = {isa = PBXFileReference; lastKnownFileType = folder.assetcatalog; path = Assets.xcassets; sourceTree = "<group>"; };
		10B15EA829E5BBFB0034B006 /* Preview Assets.xcassets */ = {isa = PBXFileReference; lastKnownFileType = folder.assetcatalog; path = "Preview Assets.xcassets"; sourceTree = "<group>"; };
		10B15EAE29E5BBFB0034B006 /* MoneyBoxTests.xctest */ = {isa = PBXFileReference; explicitFileType = wrapper.cfbundle; includeInIndex = 0; path = MoneyBoxTests.xctest; sourceTree = BUILT_PRODUCTS_DIR; };
		10B15EB229E5BBFB0034B006 /* MoneyBoxTests.swift */ = {isa = PBXFileReference; lastKnownFileType = sourcecode.swift; path = MoneyBoxTests.swift; sourceTree = "<group>"; };
		10B15EB829E5BBFB0034B006 /* MoneyBoxUITests.xctest */ = {isa = PBXFileReference; explicitFileType = wrapper.cfbundle; includeInIndex = 0; path = MoneyBoxUITests.xctest; sourceTree = BUILT_PRODUCTS_DIR; };
		10B15EBC29E5BBFB0034B006 /* MoneyBoxUITests.swift */ = {isa = PBXFileReference; lastKnownFileType = sourcecode.swift; path = MoneyBoxUITests.swift; sourceTree = "<group>"; };
		10B15EBE29E5BBFB0034B006 /* MoneyBoxUITestsLaunchTests.swift */ = {isa = PBXFileReference; lastKnownFileType = sourcecode.swift; path = MoneyBoxUITestsLaunchTests.swift; sourceTree = "<group>"; };
/* End PBXFileReference section */

/* Begin PBXFrameworksBuildPhase section */
		10B15E9B29E5BBFA0034B006 /* Frameworks */ = {
			isa = PBXFrameworksBuildPhase;
			buildActionMask = 2147483647;
			files = (
			);
			runOnlyForDeploymentPostprocessing = 0;
		};
		10B15EAB29E5BBFB0034B006 /* Frameworks */ = {
			isa = PBXFrameworksBuildPhase;
			buildActionMask = 2147483647;
			files = (
			);
			runOnlyForDeploymentPostprocessing = 0;
		};
		10B15EB529E5BBFB0034B006 /* Frameworks */ = {
			isa = PBXFrameworksBuildPhase;
			buildActionMask = 2147483647;
			files = (
			);
			runOnlyForDeploymentPostprocessing = 0;
		};
/* End PBXFrameworksBuildPhase section */

/* Begin PBXGroup section */
		10B15E9529E5BBF90034B006 = {
			isa = PBXGroup;
			children = (
				10B15EA029E5BBFA0034B006 /* MoneyBox */,
				10B15EB129E5BBFB0034B006 /* MoneyBoxTests */,
				10B15EBB29E5BBFB0034B006 /* MoneyBoxUITests */,
				10B15E9F29E5BBFA0034B006 /* Products */,
			);
			sourceTree = "<group>";
		};
		10B15E9F29E5BBFA0034B006 /* Products */ = {
			isa = PBXGroup;
			children = (
				10B15E9E29E5BBFA0034B006 /* MoneyBox.app */,
				10B15EAE29E5BBFB0034B006 /* MoneyBoxTests.xctest */,
				10B15EB829E5BBFB0034B006 /* MoneyBoxUITests.xctest */,
			);
			name = Products;
			sourceTree = "<group>";
		};
		10B15EA029E5BBFA0034B006 /* MoneyBox */ = {
			isa = PBXGroup;
			children = (
				10B15EA129E5BBFA0034B006 /* MoneyBoxApp.swift */,
				10B15EA329E5BBFA0034B006 /* ContentView.swift */,
				10B15EA529E5BBFB0034B006 /* Assets.xcassets */,
				10B15EA729E5BBFB0034B006 /* Preview Content */,
			);
			path = MoneyBox;
			sourceTree = "<group>";
		};
		10B15EA729E5BBFB0034B006 /* Preview Content */ = {
			isa = PBXGroup;
			children = (
				10B15EA829E5BBFB0034B006 /* Preview Assets.xcassets */,
			);
			path = "Preview Content";
			sourceTree = "<group>";
		};
		10B15EB129E5BBFB0034B006 /* MoneyBoxTests */ = {
			isa = PBXGroup;
			children = (
				10B15EB229E5BBFB0034B006 /* MoneyBoxTests.swift */,
			);
			path = MoneyBoxTests;
			sourceTree = "<group>";
		};
		10B15EBB29E5BBFB0034B006 /* MoneyBoxUITests */ = {
			isa = PBXGroup;
			children = (
				10B15EBC29E5BBFB0034B006 /* MoneyBoxUITests.swift */,
				10B15EBE29E5BBFB0034B006 /* MoneyBoxUITestsLaunchTests.swift */,
			);
			path = MoneyBoxUITests;
			sourceTree = "<group>";
		};
/* End PBXGroup section */

/* Begin PBXNativeTarget section */
		10B15E9D29E5BBFA0034B006 /* MoneyBox */ = {
			isa = PBXNativeTarget;
			buildConfigurationList = 10B15EC229E5BBFB0034B006 /* Build configuration list for PBXNativeTarget "MoneyBox" */;
			buildPhases = (
				10B15E9A29E5BBFA0034B006 /* Sources */,
				10B15E9B29E5BBFA0034B006 /* Frameworks */,
				10B15E9C29E5BBFA0034B006 /* Resources */,
			);
			buildRules = (
			);
			dependencies = (
			);
			name = MoneyBox;
			productName = MoneyBox;
			productReference = 10B15E9E29E5BBFA0034B006 /* MoneyBox.app */;
			productType = "com.apple.product-type.application";
		};
		10B15EAD29E5BBFB0034B006 /* MoneyBoxTests */ = {
			isa = PBXNativeTarget;
			buildConfigurationList = 10B15EC529E5BBFB0034B006 /* Build configuration list for PBXNativeTarget "MoneyBoxTests" */;
			buildPhases = (
				10B15EAA29E5BBFB0034B006 /* Sources */,
				10B15EAB29E5BBFB0034B006 /* Frameworks */,
				10B15EAC29E5BBFB0034B006 /* Resources */,
			);
			buildRules = (
			);
			dependencies = (
				10B15EB029E5BBFB0034B006 /* PBXTargetDependency */,
			);
			name = MoneyBoxTests;
			productName = MoneyBoxTests;
			productReference = 10B15EAE29E5BBFB0034B006 /* MoneyBoxTests.xctest */;
			productType = "com.apple.product-type.bundle.unit-test";
		};
		10B15EB729E5BBFB0034B006 /* MoneyBoxUITests */ = {
			isa = PBXNativeTarget;
			buildConfigurationList = 10B15EC829E5BBFB0034B006 /* Build configuration list for PBXNativeTarget "MoneyBoxUITests" */;
			buildPhases = (
				10B15EB429E5BBFB0034B006 /* Sources */,
				10B15EB529E5BBFB0034B006 /* Frameworks */,
				10B15EB629E5BBFB0034B006 /* Resources */,
			);
			buildRules = (
			);
			dependencies = (
				10B15EBA29E5BBFB0034B006 /* PBXTargetDependency */,
			);
			name = MoneyBoxUITests;
			productName = MoneyBoxUITests;
			productReference = 10B15EB829E5BBFB0034B006 /* MoneyBoxUITests.xctest */;
			productType = "com.apple.product-type.bundle.ui-testing";
		};
/* End PBXNativeTarget section */

/* Begin PBXProject section */
		10B15E9629E5BBF90034B006 /* Project object */ = {
			isa = PBXProject;
			attributes = {
				BuildIndependentTargetsInParallel = 1;
				LastSwiftUpdateCheck = 1410;
				LastUpgradeCheck = 1410;
				TargetAttributes = {
					10B15E9D29E5BBFA0034B006 = {
						CreatedOnToolsVersion = 14.1;
					};
					10B15EAD29E5BBFB0034B006 = {
						CreatedOnToolsVersion = 14.1;
						TestTargetID = 10B15E9D29E5BBFA0034B006;
					};
					10B15EB729E5BBFB0034B006 = {
						CreatedOnToolsVersion = 14.1;
						TestTargetID = 10B15E9D29E5BBFA0034B006;
					};
				};
			};
			buildConfigurationList = 10B15E9929E5BBF90034B006 /* Build configuration list for PBXProject "MoneyBox" */;
			compatibilityVersion = "Xcode 14.0";
			developmentRegion = en;
			hasScannedForEncodings = 0;
			knownRegions = (
				en,
				Base,
			);
			mainGroup = 10B15E9529E5BBF90034B006;
			productRefGroup = 10B15E9F29E5BBFA0034B006 /* Products */;
			projectDirPath = "";
			projectRoot = "";
			targets = (
				10B15E9D29E5BBFA0034B006 /* MoneyBox */,
				10B15EAD29E5BBFB0034B006 /* MoneyBoxTests */,
				10B15EB729E5BBFB0034B006 /* MoneyBoxUITests */,
			);
		};
/* End PBXProject section */

/* Begin PBXResourcesBuildPhase section */
		10B15E9C29E5BBFA0034B006 /* Resources */ = {
			isa = PBXResourcesBuildPhase;
			buildActionMask = 2147483647;
			files = (
				10B15EA929E5BBFB0034B006 /* Preview Assets.xcassets in Resources */,
				10B15EA629E5BBFB0034B006 /* Assets.xcassets in Resources */,
			);
			runOnlyForDeploymentPostprocessing = 0;
		};
		10B15EAC29E5BBFB0034B006 /* Resources */ = {
			isa = PBXResourcesBuildPhase;
			buildActionMask = 2147483647;
			files = (
			);
			runOnlyForDeploymentPostprocessing = 0;
		};
		10B15EB629E5BBFB0034B006 /* Resources */ = {
			isa = PBXResourcesBuildPhase;
			buildActionMask = 2147483647;
			files = (
			);
			runOnlyForDeploymentPostprocessing = 0;
		};
/* End PBXResourcesBuildPhase section */

/* Begin PBXSourcesBuildPhase section */
		10B15E9A29E5BBFA0034B006 /* Sources */ = {
			isa = PBXSourcesBuildPhase;
			buildActionMask = 2147483647;
			files = (
				10B15EA429E5BBFA0034B006 /* ContentView.swift in Sources */,
				10B15EA229E5BBFA0034B006 /* MoneyBoxApp.swift in Sources */,
			);
			runOnlyForDeploymentPostprocessing = 0;
		};
		10B15EAA29E5BBFB0034B006 /* Sources */ = {
			isa = PBXSourcesBuildPhase;
			buildActionMask = 2147483647;
			files = (
				10B15EB329E5BBFB0034B006 /* MoneyBoxTests.swift in Sources */,
			);
			runOnlyForDeploymentPostprocessing = 0;
		};
		10B15EB429E5BBFB0034B006 /* Sources */ = {
			isa = PBXSourcesBuildPhase;
			buildActionMask = 2147483647;
			files = (
				10B15EBF29E5BBFB0034B006 /* MoneyBoxUITestsLaunchTests.swift in Sources */,
				10B15EBD29E5BBFB0034B006 /* MoneyBoxUITests.swift in Sources */,
			);
			runOnlyForDeploymentPostprocessing = 0;
		};
/* End PBXSourcesBuildPhase section */

/* Begin PBXTargetDependency section */
		10B15EB029E5BBFB0034B006 /* PBXTargetDependency */ = {
			isa = PBXTargetDependency;
			target = 10B15E9D29E5BBFA0034B006 /* MoneyBox */;
			targetProxy = 10B15EAF29E5BBFB0034B006 /* PBXContainerItemProxy */;
		};
		10B15EBA29E5BBFB0034B006 /* PBXTargetDependency */ = {
			isa = PBXTargetDependency;
			target = 10B15E9D29E5BBFA0034B006 /* MoneyBox */;
			targetProxy = 10B15EB929E5BBFB0034B006 /* PBXContainerItemProxy */;
		};
/* End PBXTargetDependency section */

/* Begin XCBuildConfiguration section */
		10B15EC029E5BBFB0034B006 /* Debug */ = {
			isa = XCBuildConfiguration;
			buildSettings = {
				ALWAYS_SEARCH_USER_PATHS = NO;
				CLANG_ANALYZER_NONNULL = YES;
				CLANG_ANALYZER_NUMBER_OBJECT_CONVERSION = YES_AGGRESSIVE;
				CLANG_CXX_LANGUAGE_STANDARD = "gnu++20";
				CLANG_ENABLE_MODULES = YES;
				CLANG_ENABLE_OBJC_ARC = YES;
				CLANG_ENABLE_OBJC_WEAK = YES;
				CLANG_WARN_BLOCK_CAPTURE_AUTORELEASING = YES;
				CLANG_WARN_BOOL_CONVERSION = YES;
				CLANG_WARN_COMMA = YES;
				CLANG_WARN_CONSTANT_CONVERSION = YES;
				CLANG_WARN_DEPRECATED_OBJC_IMPLEMENTATIONS = YES;
				CLANG_WARN_DIRECT_OBJC_ISA_USAGE = YES_ERROR;
				CLANG_WARN_DOCUMENTATION_COMMENTS = YES;
				CLANG_WARN_EMPTY_BODY = YES;
				CLANG_WARN_ENUM_CONVERSION = YES;
				CLANG_WARN_INFINITE_RECURSION = YES;
				CLANG_WARN_INT_CONVERSION = YES;
				CLANG_WARN_NON_LITERAL_NULL_CONVERSION = YES;
				CLANG_WARN_OBJC_IMPLICIT_RETAIN_SELF = YES;
				CLANG_WARN_OBJC_LITERAL_CONVERSION = YES;
				CLANG_WARN_OBJC_ROOT_CLASS = YES_ERROR;
				CLANG_WARN_QUOTED_INCLUDE_IN_FRAMEWORK_HEADER = YES;
				CLANG_WARN_RANGE_LOOP_ANALYSIS = YES;
				CLANG_WARN_STRICT_PROTOTYPES = YES;
				CLANG_WARN_SUSPICIOUS_MOVE = YES;
				CLANG_WARN_UNGUARDED_AVAILABILITY = YES_AGGRESSIVE;
				CLANG_WARN_UNREACHABLE_CODE = YES;
				CLANG_WARN__DUPLICATE_METHOD_MATCH = YES;
				COPY_PHASE_STRIP = NO;
				DEBUG_INFORMATION_FORMAT = dwarf;
				ENABLE_STRICT_OBJC_MSGSEND = YES;
				ENABLE_TESTABILITY = YES;
				GCC_C_LANGUAGE_STANDARD = gnu11;
				GCC_DYNAMIC_NO_PIC = NO;
				GCC_NO_COMMON_BLOCKS = YES;
				GCC_OPTIMIZATION_LEVEL = 0;
				GCC_PREPROCESSOR_DEFINITIONS = (
					"DEBUG=1",
					"$(inherited)",
				);
				GCC_WARN_64_TO_32_BIT_CONVERSION = YES;
				GCC_WARN_ABOUT_RETURN_TYPE = YES_ERROR;
				GCC_WARN_UNDECLARED_SELECTOR = YES;
				GCC_WARN_UNINITIALIZED_AUTOS = YES_AGGRESSIVE;
				GCC_WARN_UNUSED_FUNCTION = YES;
				GCC_WARN_UNUSED_VARIABLE = YES;
				IPHONEOS_DEPLOYMENT_TARGET = 16.1;
				MTL_ENABLE_DEBUG_INFO = INCLUDE_SOURCE;
				MTL_FAST_MATH = YES;
				ONLY_ACTIVE_ARCH = YES;
				SDKROOT = iphoneos;
				SWIFT_ACTIVE_COMPILATION_CONDITIONS = DEBUG;
				SWIFT_OPTIMIZATION_LEVEL = "-Onone";
			};
			name = Debug;
		};
		10B15EC129E5BBFB0034B006 /* Release */ = {
			isa = XCBuildConfiguration;
			buildSettings = {
				ALWAYS_SEARCH_USER_PATHS = NO;
				CLANG_ANALYZER_NONNULL = YES;
				CLANG_ANALYZER_NUMBER_OBJECT_CONVERSION = YES_AGGRESSIVE;
				CLANG_CXX_LANGUAGE_STANDARD = "gnu++20";
				CLANG_ENABLE_MODULES = YES;
				CLANG_ENABLE_OBJC_ARC = YES;
				CLANG_ENABLE_OBJC_WEAK = YES;
				CLANG_WARN_BLOCK_CAPTURE_AUTORELEASING = YES;
				CLANG_WARN_BOOL_CONVERSION = YES;
				CLANG_WARN_COMMA = YES;
				CLANG_WARN_CONSTANT_CONVERSION = YES;
				CLANG_WARN_DEPRECATED_OBJC_IMPLEMENTATIONS = YES;
				CLANG_WARN_DIRECT_OBJC_ISA_USAGE = YES_ERROR;
				CLANG_WARN_DOCUMENTATION_COMMENTS = YES;
				CLANG_WARN_EMPTY_BODY = YES;
				CLANG_WARN_ENUM_CONVERSION = YES;
				CLANG_WARN_INFINITE_RECURSION = YES;
				CLANG_WARN_INT_CONVERSION = YES;
				CLANG_WARN_NON_LITERAL_NULL_CONVERSION = YES;
				CLANG_WARN_OBJC_IMPLICIT_RETAIN_SELF = YES;
				CLANG_WARN_OBJC_LITERAL_CONVERSION = YES;
				CLANG_WARN_OBJC_ROOT_CLASS = YES_ERROR;
				CLANG_WARN_QUOTED_INCLUDE_IN_FRAMEWORK_HEADER = YES;
				CLANG_WARN_RANGE_LOOP_ANALYSIS = YES;
				CLANG_WARN_STRICT_PROTOTYPES = YES;
				CLANG_WARN_SUSPICIOUS_MOVE = YES;
				CLANG_WARN_UNGUARDED_AVAILABILITY = YES_AGGRESSIVE;
				CLANG_WARN_UNREACHABLE_CODE = YES;
				CLANG_WARN__DUPLICATE_METHOD_MATCH = YES;
				COPY_PHASE_STRIP = NO;
				DEBUG_INFORMATION_FORMAT = "dwarf-with-dsym";
				ENABLE_NS_ASSERTIONS = NO;
				ENABLE_STRICT_OBJC_MSGSEND = YES;
				GCC_C_LANGUAGE_STANDARD = gnu11;
				GCC_NO_COMMON_BLOCKS = YES;
				GCC_WARN_64_TO_32_BIT_CONVERSION = YES;
				GCC_WARN_ABOUT_RETURN_TYPE = YES_ERROR;
				GCC_WARN_UNDECLARED_SELECTOR = YES;
				GCC_WARN_UNINITIALIZED_AUTOS = YES_AGGRESSIVE;
				GCC_WARN_UNUSED_FUNCTION = YES;
				GCC_WARN_UNUSED_VARIABLE = YES;
				IPHONEOS_DEPLOYMENT_TARGET = 16.1;
				MTL_ENABLE_DEBUG_INFO = NO;
				MTL_FAST_MATH = YES;
				SDKROOT = iphoneos;
				SWIFT_COMPILATION_MODE = wholemodule;
				SWIFT_OPTIMIZATION_LEVEL = "-O";
				VALIDATE_PRODUCT = YES;
			};
			name = Release;
		};
		10B15EC329E5BBFB0034B006 /* Debug */ = {
			isa = XCBuildConfiguration;
			buildSettings = {
				ASSETCATALOG_COMPILER_APPICON_NAME = AppIcon;
				ASSETCATALOG_COMPILER_GLOBAL_ACCENT_COLOR_NAME = AccentColor;
				CODE_SIGN_STYLE = Automatic;
				CURRENT_PROJECT_VERSION = 1;
				DEVELOPMENT_ASSET_PATHS = "\"MoneyBox/Preview Content\"";
				DEVELOPMENT_TEAM = BLR7UFH7MJ;
				ENABLE_PREVIEWS = YES;
				GENERATE_INFOPLIST_FILE = YES;
				INFOPLIST_KEY_UIApplicationSceneManifest_Generation = YES;
				INFOPLIST_KEY_UIApplicationSupportsIndirectInputEvents = YES;
				INFOPLIST_KEY_UILaunchScreen_Generation = YES;
				INFOPLIST_KEY_UISupportedInterfaceOrientations_iPad = "UIInterfaceOrientationPortrait UIInterfaceOrientationPortraitUpsideDown UIInterfaceOrientationLandscapeLeft UIInterfaceOrientationLandscapeRight";
				INFOPLIST_KEY_UISupportedInterfaceOrientations_iPhone = "UIInterfaceOrientationPortrait UIInterfaceOrientationLandscapeLeft UIInterfaceOrientationLandscapeRight";
				LD_RUNPATH_SEARCH_PATHS = (
					"$(inherited)",
					"@executable_path/Frameworks",
				);
				MARKETING_VERSION = 1.0;
				PRODUCT_BUNDLE_IDENTIFIER = com.BoxStudio.MoneyBox;
				PRODUCT_NAME = "$(TARGET_NAME)";
				SWIFT_EMIT_LOC_STRINGS = YES;
				SWIFT_VERSION = 5.0;
				TARGETED_DEVICE_FAMILY = "1,2";
			};
			name = Debug;
		};
		10B15EC429E5BBFB0034B006 /* Release */ = {
			isa = XCBuildConfiguration;
			buildSettings = {
				ASSETCATALOG_COMPILER_APPICON_NAME = AppIcon;
				ASSETCATALOG_COMPILER_GLOBAL_ACCENT_COLOR_NAME = AccentColor;
				CODE_SIGN_STYLE = Automatic;
				CURRENT_PROJECT_VERSION = 1;
				DEVELOPMENT_ASSET_PATHS = "\"MoneyBox/Preview Content\"";
				DEVELOPMENT_TEAM = BLR7UFH7MJ;
				ENABLE_PREVIEWS = YES;
				GENERATE_INFOPLIST_FILE = YES;
				INFOPLIST_KEY_UIApplicationSceneManifest_Generation = YES;
				INFOPLIST_KEY_UIApplicationSupportsIndirectInputEvents = YES;
				INFOPLIST_KEY_UILaunchScreen_Generation = YES;
				INFOPLIST_KEY_UISupportedInterfaceOrientations_iPad = "UIInterfaceOrientationPortrait UIInterfaceOrientationPortraitUpsideDown UIInterfaceOrientationLandscapeLeft UIInterfaceOrientationLandscapeRight";
				INFOPLIST_KEY_UISupportedInterfaceOrientations_iPhone = "UIInterfaceOrientationPortrait UIInterfaceOrientationLandscapeLeft UIInterfaceOrientationLandscapeRight";
				LD_RUNPATH_SEARCH_PATHS = (
					"$(inherited)",
					"@executable_path/Frameworks",
				);
				MARKETING_VERSION = 1.0;
				PRODUCT_BUNDLE_IDENTIFIER = com.BoxStudio.MoneyBox;
				PRODUCT_NAME = "$(TARGET_NAME)";
				SWIFT_EMIT_LOC_STRINGS = YES;
				SWIFT_VERSION = 5.0;
				TARGETED_DEVICE_FAMILY = "1,2";
			};
			name = Release;
		};
		10B15EC629E5BBFB0034B006 /* Debug */ = {
			isa = XCBuildConfiguration;
			buildSettings = {
				ALWAYS_EMBED_SWIFT_STANDARD_LIBRARIES = YES;
				BUNDLE_LOADER = "$(TEST_HOST)";
				CODE_SIGN_STYLE = Automatic;
				CURRENT_PROJECT_VERSION = 1;
				GENERATE_INFOPLIST_FILE = YES;
				IPHONEOS_DEPLOYMENT_TARGET = 16.1;
				MARKETING_VERSION = 1.0;
				PRODUCT_BUNDLE_IDENTIFIER = com.BoxStudio.MoneyBoxTests;
				PRODUCT_NAME = "$(TARGET_NAME)";
				SWIFT_EMIT_LOC_STRINGS = NO;
				SWIFT_VERSION = 5.0;
				TARGETED_DEVICE_FAMILY = "1,2";
				TEST_HOST = "$(BUILT_PRODUCTS_DIR)/MoneyBox.app/$(BUNDLE_EXECUTABLE_FOLDER_PATH)/MoneyBox";
			};
			name = Debug;
		};
		10B15EC729E5BBFB0034B006 /* Release */ = {
			isa = XCBuildConfiguration;
			buildSettings = {
				ALWAYS_EMBED_SWIFT_STANDARD_LIBRARIES = YES;
				BUNDLE_LOADER = "$(TEST_HOST)";
				CODE_SIGN_STYLE = Automatic;
				CURRENT_PROJECT_VERSION = 1;
				GENERATE_INFOPLIST_FILE = YES;
				IPHONEOS_DEPLOYMENT_TARGET = 16.1;
				MARKETING_VERSION = 1.0;
				PRODUCT_BUNDLE_IDENTIFIER = com.BoxStudio.MoneyBoxTests;
				PRODUCT_NAME = "$(TARGET_NAME)";
				SWIFT_EMIT_LOC_STRINGS = NO;
				SWIFT_VERSION = 5.0;
				TARGETED_DEVICE_FAMILY = "1,2";
				TEST_HOST = "$(BUILT_PRODUCTS_DIR)/MoneyBox.app/$(BUNDLE_EXECUTABLE_FOLDER_PATH)/MoneyBox";
			};
			name = Release;
		};
		10B15EC929E5BBFB0034B006 /* Debug */ = {
			isa = XCBuildConfiguration;
			buildSettings = {
				ALWAYS_EMBED_SWIFT_STANDARD_LIBRARIES = YES;
				CODE_SIGN_STYLE = Automatic;
				CURRENT_PROJECT_VERSION = 1;
				GENERATE_INFOPLIST_FILE = YES;
				MARKETING_VERSION = 1.0;
				PRODUCT_BUNDLE_IDENTIFIER = com.BoxStudio.MoneyBoxUITests;
				PRODUCT_NAME = "$(TARGET_NAME)";
				SWIFT_EMIT_LOC_STRINGS = NO;
				SWIFT_VERSION = 5.0;
				TARGETED_DEVICE_FAMILY = "1,2";
				TEST_TARGET_NAME = MoneyBox;
			};
			name = Debug;
		};
		10B15ECA29E5BBFB0034B006 /* Release */ = {
			isa = XCBuildConfiguration;
			buildSettings = {
				ALWAYS_EMBED_SWIFT_STANDARD_LIBRARIES = YES;
				CODE_SIGN_STYLE = Automatic;
				CURRENT_PROJECT_VERSION = 1;
				GENERATE_INFOPLIST_FILE = YES;
				MARKETING_VERSION = 1.0;
				PRODUCT_BUNDLE_IDENTIFIER = com.BoxStudio.MoneyBoxUITests;
				PRODUCT_NAME = "$(TARGET_NAME)";
				SWIFT_EMIT_LOC_STRINGS = NO;
				SWIFT_VERSION = 5.0;
				TARGETED_DEVICE_FAMILY = "1,2";
				TEST_TARGET_NAME = MoneyBox;
			};
			name = Release;
		};
/* End XCBuildConfiguration section */

/* Begin XCConfigurationList section */
		10B15E9929E5BBF90034B006 /* Build configuration list for PBXProject "MoneyBox" */ = {
			isa = XCConfigurationList;
			buildConfigurations = (
				10B15EC029E5BBFB0034B006 /* Debug */,
				10B15EC129E5BBFB0034B006 /* Release */,
			);
			defaultConfigurationIsVisible = 0;
			defaultConfigurationName = Release;
		};
		10B15EC229E5BBFB0034B006 /* Build configuration list for PBXNativeTarget "MoneyBox" */ = {
			isa = XCConfigurationList;
			buildConfigurations = (
				10B15EC329E5BBFB0034B006 /* Debug */,
				10B15EC429E5BBFB0034B006 /* Release */,
			);
			defaultConfigurationIsVisible = 0;
			defaultConfigurationName = Release;
		};
		10B15EC529E5BBFB0034B006 /* Build configuration list for PBXNativeTarget "MoneyBoxTests" */ = {
			isa = XCConfigurationList;
			buildConfigurations = (
				10B15EC629E5BBFB0034B006 /* Debug */,
				10B15EC729E5BBFB0034B006 /* Release */,
			);
			defaultConfigurationIsVisible = 0;
			defaultConfigurationName = Release;
		};
		10B15EC829E5BBFB0034B006 /* Build configuration list for PBXNativeTarget "MoneyBoxUITests" */ = {
			isa = XCConfigurationList;
			buildConfigurations = (
				10B15EC929E5BBFB0034B006 /* Debug */,
				10B15ECA29E5BBFB0034B006 /* Release */,
			);
			defaultConfigurationIsVisible = 0;
			defaultConfigurationName = Release;
		};
/* End XCConfigurationList section */
	};
	rootObject = 10B15E9629E5BBF90034B006 /* Project object */;
}
